
Microsoft Visual Studio Solution File, Format Version 12.00
# Visual Studio 15
VisualStudioVersion = 15.0.26430.16
MinimumVisualStudioVersion = 10.0.40219.1
Project("{2150E333-8FDC-42A3-9474-1A3956D46DE8}") = "Source", "Source", "{14F8AD9B-6840-4196-96AF-A32A09F39CBB}"
EndProject
Project("{FAE04EC0-301F-11D3-BF4B-00C04F79EFBC}") = "Presentation.Android", "Source\Presentation\Presentation.Android.csproj", "{125E6E42-64BD-4C0B-9B34-7830871C3F25}"
EndProject
Project("{2150E333-8FDC-42A3-9474-1A3956D46DE8}") = "Domain", "Domain", "{3264BDEB-1F4D-4669-8451-2C05A52C0F87}"
EndProject
Project("{2150E333-8FDC-42A3-9474-1A3956D46DE8}") = "Infrastructure", "Infrastructure", "{AE255526-F592-432B-950B-D7DAE7C232E9}"
EndProject
Project("{FAE04EC0-301F-11D3-BF4B-00C04F79EFBC}") = "Infrastructure.Data.SQLite", "Infrastructure.Data.SQLite\Infrastructure.Data.SQLite.csproj", "{E9F0AEA9-2F20-466E-ACF8-79EAA1B38872}"
EndProject
Project("{9A19103F-16F7-4668-BE54-9A1E7A4F7556}") = "Domain.DataModel.Base", "..\..\Common\Core\Base\Domain.DataModel.Base\Domain.DataModel.Base.csproj", "{7BCAC03E-3B65-4CF4-9EBB-4EF353276D1C}"
EndProject
Project("{9A19103F-16F7-4668-BE54-9A1E7A4F7556}") = "Domain.Services.Base", "..\..\Common\Core\Base\Domain.Services.Base\Domain.Services.Base.csproj", "{9C38D897-021B-4743-92E4-AE9C0252D17F}"
EndProject
Project("{9A19103F-16F7-4668-BE54-9A1E7A4F7556}") = "Domain.DataModel.Loyalty", "..\..\Common\Core\Loyalty\Domain.DataModel.Loyalty\Domain.DataModel.Loyalty.csproj", "{36A6FDFB-59D3-4618-92DD-0DEB8B6AB501}"
EndProject
Project("{9A19103F-16F7-4668-BE54-9A1E7A4F7556}") = "Domain.Services.Loyalty", "..\..\Common\Core\Loyalty\Domain.Services.Loyalty\Domain.Services.Loyalty.csproj", "{1BE9DD18-AFAF-4F25-A62D-E6BF109C180F}"
EndProject
Project("{9A19103F-16F7-4668-BE54-9A1E7A4F7556}") = "Domain.DataModel.Loyalty.Hospitality", "..\..\Common\Core\Loyalty.Hospitality\Domain.DataModel.Loyalty.Hospitality\Domain.DataModel.Loyalty.Hospitality.csproj", "{539F8620-B7D5-4925-8038-45412674E776}"
EndProject
Project("{9A19103F-16F7-4668-BE54-9A1E7A4F7556}") = "Domain.Services.Loyalty.Hospitality", "..\..\Common\Core\Loyalty.Hospitality\Domain.Services.Loyalty.Hospitality\Domain.Services.Loyalty.Hospitality.csproj", "{090F2121-340C-482E-ADAA-E5DF8440CF6C}"
EndProject
Project("{9A19103F-16F7-4668-BE54-9A1E7A4F7556}") = "Infrastructure.Data.Omniservice", "..\..\Common\Core\Base\Infrastructure.Data.Omniservice\Infrastructure.Data.Omniservice.csproj", "{8DD497E3-7563-41C0-8543-0163F5702591}"
EndProject
Project("{9A19103F-16F7-4668-BE54-9A1E7A4F7556}") = "Infrastructure.Data.Omniservice.Loyalty", "..\..\Common\Core\Loyalty\Infrastructure.Data.Omniservice.Loyalty\Infrastructure.Data.Omniservice.Loyalty.csproj", "{D007C2F6-6B6B-40A7-AF96-1AE94BCC0598}"
EndProject
Project("{9A19103F-16F7-4668-BE54-9A1E7A4F7556}") = "Infrastructure.Data.OmniService.Loyalty.Hospitality", "..\..\Common\Core\Loyalty.Hospitality\Infrastructure.Data.OmniService.Loyalty.Hospitality\Infrastructure.Data.OmniService.Loyalty.Hospitality.csproj", "{35497EC6-8E89-44A0-8531-827470002765}"
EndProject
Global
	GlobalSection(SolutionConfigurationPlatforms) = preSolution
		Debug|Any CPU = Debug|Any CPU
		PlayStoreRelease|Any CPU = PlayStoreRelease|Any CPU
		Release|Any CPU = Release|Any CPU
	EndGlobalSection
	GlobalSection(ProjectConfigurationPlatforms) = postSolution
		{125E6E42-64BD-4C0B-9B34-7830871C3F25}.Debug|Any CPU.ActiveCfg = Debug|Any CPU
		{125E6E42-64BD-4C0B-9B34-7830871C3F25}.Debug|Any CPU.Build.0 = Debug|Any CPU
		{125E6E42-64BD-4C0B-9B34-7830871C3F25}.Debug|Any CPU.Deploy.0 = Debug|Any CPU
		{125E6E42-64BD-4C0B-9B34-7830871C3F25}.PlayStoreRelease|Any CPU.ActiveCfg = PlayStoreRelease|Any CPU
		{125E6E42-64BD-4C0B-9B34-7830871C3F25}.PlayStoreRelease|Any CPU.Build.0 = PlayStoreRelease|Any CPU
		{125E6E42-64BD-4C0B-9B34-7830871C3F25}.PlayStoreRelease|Any CPU.Deploy.0 = PlayStoreRelease|Any CPU
		{125E6E42-64BD-4C0B-9B34-7830871C3F25}.Release|Any CPU.ActiveCfg = Release|Any CPU
		{125E6E42-64BD-4C0B-9B34-7830871C3F25}.Release|Any CPU.Build.0 = Release|Any CPU
		{125E6E42-64BD-4C0B-9B34-7830871C3F25}.Release|Any CPU.Deploy.0 = Release|Any CPU
		{E9F0AEA9-2F20-466E-ACF8-79EAA1B38872}.Debug|Any CPU.ActiveCfg = Debug|Any CPU
		{E9F0AEA9-2F20-466E-ACF8-79EAA1B38872}.Debug|Any CPU.Build.0 = Debug|Any CPU
		{E9F0AEA9-2F20-466E-ACF8-79EAA1B38872}.PlayStoreRelease|Any CPU.ActiveCfg = PlayStoreRelease|Any CPU
		{E9F0AEA9-2F20-466E-ACF8-79EAA1B38872}.PlayStoreRelease|Any CPU.Build.0 = PlayStoreRelease|Any CPU
		{E9F0AEA9-2F20-466E-ACF8-79EAA1B38872}.Release|Any CPU.ActiveCfg = Release|Any CPU
		{E9F0AEA9-2F20-466E-ACF8-79EAA1B38872}.Release|Any CPU.Build.0 = Release|Any CPU
		{7BCAC03E-3B65-4CF4-9EBB-4EF353276D1C}.Debug|Any CPU.ActiveCfg = Debug|Any CPU
		{7BCAC03E-3B65-4CF4-9EBB-4EF353276D1C}.Debug|Any CPU.Build.0 = Debug|Any CPU
		{7BCAC03E-3B65-4CF4-9EBB-4EF353276D1C}.PlayStoreRelease|Any CPU.ActiveCfg = Release|Any CPU
		{7BCAC03E-3B65-4CF4-9EBB-4EF353276D1C}.PlayStoreRelease|Any CPU.Build.0 = Release|Any CPU
		{7BCAC03E-3B65-4CF4-9EBB-4EF353276D1C}.Release|Any CPU.ActiveCfg = Release|Any CPU
		{7BCAC03E-3B65-4CF4-9EBB-4EF353276D1C}.Release|Any CPU.Build.0 = Release|Any CPU
		{9C38D897-021B-4743-92E4-AE9C0252D17F}.Debug|Any CPU.ActiveCfg = Debug|Any CPU
		{9C38D897-021B-4743-92E4-AE9C0252D17F}.Debug|Any CPU.Build.0 = Debug|Any CPU
		{9C38D897-021B-4743-92E4-AE9C0252D17F}.PlayStoreRelease|Any CPU.ActiveCfg = Release|Any CPU
		{9C38D897-021B-4743-92E4-AE9C0252D17F}.PlayStoreRelease|Any CPU.Build.0 = Release|Any CPU
		{9C38D897-021B-4743-92E4-AE9C0252D17F}.Release|Any CPU.ActiveCfg = Release|Any CPU
		{9C38D897-021B-4743-92E4-AE9C0252D17F}.Release|Any CPU.Build.0 = Release|Any CPU
		{36A6FDFB-59D3-4618-92DD-0DEB8B6AB501}.Debug|Any CPU.ActiveCfg = Debug|Any CPU
		{36A6FDFB-59D3-4618-92DD-0DEB8B6AB501}.Debug|Any CPU.Build.0 = Debug|Any CPU
		{36A6FDFB-59D3-4618-92DD-0DEB8B6AB501}.PlayStoreRelease|Any CPU.ActiveCfg = Release|Any CPU
		{36A6FDFB-59D3-4618-92DD-0DEB8B6AB501}.PlayStoreRelease|Any CPU.Build.0 = Release|Any CPU
		{36A6FDFB-59D3-4618-92DD-0DEB8B6AB501}.Release|Any CPU.ActiveCfg = Release|Any CPU
		{36A6FDFB-59D3-4618-92DD-0DEB8B6AB501}.Release|Any CPU.Build.0 = Release|Any CPU
		{1BE9DD18-AFAF-4F25-A62D-E6BF109C180F}.Debug|Any CPU.ActiveCfg = Debug|Any CPU
		{1BE9DD18-AFAF-4F25-A62D-E6BF109C180F}.Debug|Any CPU.Build.0 = Debug|Any CPU
		{1BE9DD18-AFAF-4F25-A62D-E6BF109C180F}.PlayStoreRelease|Any CPU.ActiveCfg = Release|Any CPU
		{1BE9DD18-AFAF-4F25-A62D-E6BF109C180F}.PlayStoreRelease|Any CPU.Build.0 = Release|Any CPU
		{1BE9DD18-AFAF-4F25-A62D-E6BF109C180F}.Release|Any CPU.ActiveCfg = Release|Any CPU
		{1BE9DD18-AFAF-4F25-A62D-E6BF109C180F}.Release|Any CPU.Build.0 = Release|Any CPU
		{539F8620-B7D5-4925-8038-45412674E776}.Debug|Any CPU.ActiveCfg = Debug|Any CPU
		{539F8620-B7D5-4925-8038-45412674E776}.Debug|Any CPU.Build.0 = Debug|Any CPU
		{539F8620-B7D5-4925-8038-45412674E776}.PlayStoreRelease|Any CPU.ActiveCfg = Release|Any CPU
		{539F8620-B7D5-4925-8038-45412674E776}.PlayStoreRelease|Any CPU.Build.0 = Release|Any CPU
		{539F8620-B7D5-4925-8038-45412674E776}.Release|Any CPU.ActiveCfg = Release|Any CPU
		{539F8620-B7D5-4925-8038-45412674E776}.Release|Any CPU.Build.0 = Release|Any CPU
		{090F2121-340C-482E-ADAA-E5DF8440CF6C}.Debug|Any CPU.ActiveCfg = Debug|Any CPU
		{090F2121-340C-482E-ADAA-E5DF8440CF6C}.Debug|Any CPU.Build.0 = Debug|Any CPU
		{090F2121-340C-482E-ADAA-E5DF8440CF6C}.PlayStoreRelease|Any CPU.ActiveCfg = Release|Any CPU
		{090F2121-340C-482E-ADAA-E5DF8440CF6C}.PlayStoreRelease|Any CPU.Build.0 = Release|Any CPU
		{090F2121-340C-482E-ADAA-E5DF8440CF6C}.Release|Any CPU.ActiveCfg = Release|Any CPU
		{090F2121-340C-482E-ADAA-E5DF8440CF6C}.Release|Any CPU.Build.0 = Release|Any CPU
		{8DD497E3-7563-41C0-8543-0163F5702591}.Debug|Any CPU.ActiveCfg = Debug|Any CPU
		{8DD497E3-7563-41C0-8543-0163F5702591}.Debug|Any CPU.Build.0 = Debug|Any CPU
		{8DD497E3-7563-41C0-8543-0163F5702591}.PlayStoreRelease|Any CPU.ActiveCfg = Release|Any CPU
		{8DD497E3-7563-41C0-8543-0163F5702591}.PlayStoreRelease|Any CPU.Build.0 = Release|Any CPU
		{8DD497E3-7563-41C0-8543-0163F5702591}.Release|Any CPU.ActiveCfg = Release|Any CPU
		{8DD497E3-7563-41C0-8543-0163F5702591}.Release|Any CPU.Build.0 = Release|Any CPU
		{D007C2F6-6B6B-40A7-AF96-1AE94BCC0598}.Debug|Any CPU.ActiveCfg = Debug|Any CPU
		{D007C2F6-6B6B-40A7-AF96-1AE94BCC0598}.Debug|Any CPU.Build.0 = Debug|Any CPU
		{D007C2F6-6B6B-40A7-AF96-1AE94BCC0598}.PlayStoreRelease|Any CPU.ActiveCfg = Release|Any CPU
		{D007C2F6-6B6B-40A7-AF96-1AE94BCC0598}.PlayStoreRelease|Any CPU.Build.0 = Release|Any CPU
		{D007C2F6-6B6B-40A7-AF96-1AE94BCC0598}.Release|Any CPU.ActiveCfg = Release|Any CPU
		{D007C2F6-6B6B-40A7-AF96-1AE94BCC0598}.Release|Any CPU.Build.0 = Release|Any CPU
		{35497EC6-8E89-44A0-8531-827470002765}.Debug|Any CPU.ActiveCfg = Debug|Any CPU
		{35497EC6-8E89-44A0-8531-827470002765}.Debug|Any CPU.Build.0 = Debug|Any CPU
		{35497EC6-8E89-44A0-8531-827470002765}.PlayStoreRelease|Any CPU.ActiveCfg = Release|Any CPU
		{35497EC6-8E89-44A0-8531-827470002765}.PlayStoreRelease|Any CPU.Build.0 = Release|Any CPU
		{35497EC6-8E89-44A0-8531-827470002765}.Release|Any CPU.ActiveCfg = Release|Any CPU
		{35497EC6-8E89-44A0-8531-827470002765}.Release|Any CPU.Build.0 = Release|Any CPU
	EndGlobalSection
	GlobalSection(SolutionProperties) = preSolution
		HideSolutionNode = FALSE
	EndGlobalSection
	GlobalSection(NestedProjects) = preSolution
		{125E6E42-64BD-4C0B-9B34-7830871C3F25} = {14F8AD9B-6840-4196-96AF-A32A09F39CBB}
		{3264BDEB-1F4D-4669-8451-2C05A52C0F87} = {14F8AD9B-6840-4196-96AF-A32A09F39CBB}
		{AE255526-F592-432B-950B-D7DAE7C232E9} = {14F8AD9B-6840-4196-96AF-A32A09F39CBB}
		{E9F0AEA9-2F20-466E-ACF8-79EAA1B38872} = {AE255526-F592-432B-950B-D7DAE7C232E9}
		{7BCAC03E-3B65-4CF4-9EBB-4EF353276D1C} = {3264BDEB-1F4D-4669-8451-2C05A52C0F87}
		{9C38D897-021B-4743-92E4-AE9C0252D17F} = {3264BDEB-1F4D-4669-8451-2C05A52C0F87}
		{36A6FDFB-59D3-4618-92DD-0DEB8B6AB501} = {3264BDEB-1F4D-4669-8451-2C05A52C0F87}
		{1BE9DD18-AFAF-4F25-A62D-E6BF109C180F} = {3264BDEB-1F4D-4669-8451-2C05A52C0F87}
		{539F8620-B7D5-4925-8038-45412674E776} = {3264BDEB-1F4D-4669-8451-2C05A52C0F87}
		{090F2121-340C-482E-ADAA-E5DF8440CF6C} = {3264BDEB-1F4D-4669-8451-2C05A52C0F87}
		{8DD497E3-7563-41C0-8543-0163F5702591} = {AE255526-F592-432B-950B-D7DAE7C232E9}
		{D007C2F6-6B6B-40A7-AF96-1AE94BCC0598} = {AE255526-F592-432B-950B-D7DAE7C232E9}
		{35497EC6-8E89-44A0-8531-827470002765} = {AE255526-F592-432B-950B-D7DAE7C232E9}
	EndGlobalSection
	GlobalSection(ExtensibilityGlobals) = postSolution
		SolutionGuid = {F69843FF-EF0C-4DD0-988B-EF53AA3386CA}
	EndGlobalSection
	GlobalSection(SubversionScc) = preSolution
		Svn-Managed = True
		Manager = AnkhSVN - Subversion Support for Visual Studio
	EndGlobalSection
EndGlobal
