
Microsoft Visual Studio Solution File, Format Version 12.00
# Visual Studio 15
VisualStudioVersion = 15.0.27703.2047
MinimumVisualStudioVersion = 10.0.40219.1
Project("{FAE04EC0-301F-11D3-BF4B-00C04F79EFBC}") = "Presentation", "Presentation\Presentation.csproj", "{75E0EB27-C23E-4CE9-A5D3-D8C77178204D}"
EndProject
Project("{2150E333-8FDC-42A3-9474-1A3956D46DE8}") = "Domain", "Domain", "{52C35FED-5A52-452F-BFCC-2ACCEF830BF0}"
EndProject
Project("{2150E333-8FDC-42A3-9474-1A3956D46DE8}") = "Infrastructure", "Infrastructure", "{369F67E3-9F92-4585-A72F-97BC32BD4309}"
EndProject
Project("{FAE04EC0-301F-11D3-BF4B-00C04F79EFBC}") = "Domain.DataModel.Base", "..\..\..\Common\Core\Base\Domain.DataModel.Base\Domain.DataModel.Base.csproj", "{7BCAC03E-3B65-4CF4-9EBB-4EF353276D1C}"
EndProject
Project("{FAE04EC0-301F-11D3-BF4B-00C04F79EFBC}") = "Domain.Services.Base", "..\..\..\Common\Core\Base\Domain.Services.Base\Domain.Services.Base.csproj", "{9C38D897-021B-4743-92E4-AE9C0252D17F}"
EndProject
Project("{FAE04EC0-301F-11D3-BF4B-00C04F79EFBC}") = "Infrastructure.Data.Omniservice", "..\..\..\Common\Core\Base\Infrastructure.Data.Omniservice\Infrastructure.Data.Omniservice.csproj", "{8DD497E3-7563-41C0-8543-0163F5702591}"
EndProject
Project("{FAE04EC0-301F-11D3-BF4B-00C04F79EFBC}") = "Infrastructure.Data.OmniService.Loyalty.Hospitality", "..\..\..\Common\Core\Loyalty.Hospitality\Infrastructure.Data.OmniService.Loyalty.Hospitality\Infrastructure.Data.OmniService.Loyalty.Hospitality.csproj", "{35497EC6-8E89-44A0-8531-827470002765}"
EndProject
Project("{FAE04EC0-301F-11D3-BF4B-00C04F79EFBC}") = "Domain.DataModel.Loyalty", "..\..\..\Common\Core\Loyalty\Domain.DataModel.Loyalty\Domain.DataModel.Loyalty.csproj", "{36A6FDFB-59D3-4618-92DD-0DEB8B6AB501}"
EndProject
Project("{FAE04EC0-301F-11D3-BF4B-00C04F79EFBC}") = "Domain.Services.Loyalty", "..\..\..\Common\Core\Loyalty\Domain.Services.Loyalty\Domain.Services.Loyalty.csproj", "{1BE9DD18-AFAF-4F25-A62D-E6BF109C180F}"
EndProject
Project("{FAE04EC0-301F-11D3-BF4B-00C04F79EFBC}") = "Infrastructure.Data.Omniservice.Loyalty", "..\..\..\Common\Core\Loyalty\Infrastructure.Data.Omniservice.Loyalty\Infrastructure.Data.Omniservice.Loyalty.csproj", "{D007C2F6-6B6B-40A7-AF96-1AE94BCC0598}"
EndProject
Project("{FAE04EC0-301F-11D3-BF4B-00C04F79EFBC}") = "Domain.Services.Loyalty.Hospitality", "..\..\..\Common\Core\Loyalty.Hospitality\Domain.Services.Loyalty.Hospitality\Domain.Services.Loyalty.Hospitality.csproj", "{090F2121-340C-482E-ADAA-E5DF8440CF6C}"
EndProject
Project("{FAE04EC0-301F-11D3-BF4B-00C04F79EFBC}") = "Domain.DataModel.Loyalty.Hospitality", "..\..\..\Common\Core\Loyalty.Hospitality\Domain.DataModel.Loyalty.Hospitality\Domain.DataModel.Loyalty.Hospitality.csproj", "{539F8620-B7D5-4925-8038-45412674E776}"
EndProject
Project("{FAE04EC0-301F-11D3-BF4B-00C04F79EFBC}") = "Infrastructure.Data.SQLite2", "Infrastructure.Data.SQLite2\Infrastructure.Data.SQLite2.csproj", "{2F10081D-2A32-43D0-A7B5-8B4B5205E523}"
EndProject
Global
	GlobalSection(SolutionConfigurationPlatforms) = preSolution
		Ad-Hoc|Any CPU = Ad-Hoc|Any CPU
		Ad-Hoc|iPhone = Ad-Hoc|iPhone
		Ad-Hoc|iPhoneSimulator = Ad-Hoc|iPhoneSimulator
		AppStore|Any CPU = AppStore|Any CPU
		AppStore|iPhone = AppStore|iPhone
		AppStore|iPhoneSimulator = AppStore|iPhoneSimulator
		Debug|Any CPU = Debug|Any CPU
		Debug|iPhone = Debug|iPhone
		Debug|iPhoneSimulator = Debug|iPhoneSimulator
		Release Internal|Any CPU = Release Internal|Any CPU
		Release Internal|iPhone = Release Internal|iPhone
		Release Internal|iPhoneSimulator = Release Internal|iPhoneSimulator
		Release|Any CPU = Release|Any CPU
		Release|iPhone = Release|iPhone
		Release|iPhoneSimulator = Release|iPhoneSimulator
	EndGlobalSection
	GlobalSection(ProjectConfigurationPlatforms) = postSolution
		{75E0EB27-C23E-4CE9-A5D3-D8C77178204D}.Ad-Hoc|Any CPU.ActiveCfg = Ad-Hoc|iPhoneSimulator
		{75E0EB27-C23E-4CE9-A5D3-D8C77178204D}.Ad-Hoc|iPhone.ActiveCfg = Ad-Hoc|iPhone
		{75E0EB27-C23E-4CE9-A5D3-D8C77178204D}.Ad-Hoc|iPhone.Build.0 = Ad-Hoc|iPhone
		{75E0EB27-C23E-4CE9-A5D3-D8C77178204D}.Ad-Hoc|iPhoneSimulator.ActiveCfg = Ad-Hoc|iPhoneSimulator
		{75E0EB27-C23E-4CE9-A5D3-D8C77178204D}.Ad-Hoc|iPhoneSimulator.Build.0 = Ad-Hoc|iPhoneSimulator
		{75E0EB27-C23E-4CE9-A5D3-D8C77178204D}.AppStore|Any CPU.ActiveCfg = AppStore|iPhoneSimulator
		{75E0EB27-C23E-4CE9-A5D3-D8C77178204D}.AppStore|iPhone.ActiveCfg = AppStore|iPhone
		{75E0EB27-C23E-4CE9-A5D3-D8C77178204D}.AppStore|iPhone.Build.0 = AppStore|iPhone
		{75E0EB27-C23E-4CE9-A5D3-D8C77178204D}.AppStore|iPhoneSimulator.ActiveCfg = AppStore|iPhoneSimulator
		{75E0EB27-C23E-4CE9-A5D3-D8C77178204D}.AppStore|iPhoneSimulator.Build.0 = AppStore|iPhoneSimulator
		{75E0EB27-C23E-4CE9-A5D3-D8C77178204D}.Debug|Any CPU.ActiveCfg = Debug|iPhoneSimulator
		{75E0EB27-C23E-4CE9-A5D3-D8C77178204D}.Debug|iPhone.ActiveCfg = Debug|iPhone
		{75E0EB27-C23E-4CE9-A5D3-D8C77178204D}.Debug|iPhone.Build.0 = Debug|iPhone
		{75E0EB27-C23E-4CE9-A5D3-D8C77178204D}.Debug|iPhoneSimulator.ActiveCfg = Debug|iPhoneSimulator
		{75E0EB27-C23E-4CE9-A5D3-D8C77178204D}.Debug|iPhoneSimulator.Build.0 = Debug|iPhoneSimulator
		{75E0EB27-C23E-4CE9-A5D3-D8C77178204D}.Release Internal|Any CPU.ActiveCfg = Release Internal|iPhone
		{75E0EB27-C23E-4CE9-A5D3-D8C77178204D}.Release Internal|Any CPU.Build.0 = Release Internal|iPhone
		{75E0EB27-C23E-4CE9-A5D3-D8C77178204D}.Release Internal|iPhone.ActiveCfg = Release Internal|iPhone
		{75E0EB27-C23E-4CE9-A5D3-D8C77178204D}.Release Internal|iPhone.Build.0 = Release Internal|iPhone
		{75E0EB27-C23E-4CE9-A5D3-D8C77178204D}.Release Internal|iPhoneSimulator.ActiveCfg = Release Internal|iPhoneSimulator
		{75E0EB27-C23E-4CE9-A5D3-D8C77178204D}.Release Internal|iPhoneSimulator.Build.0 = Release Internal|iPhoneSimulator
		{75E0EB27-C23E-4CE9-A5D3-D8C77178204D}.Release|Any CPU.ActiveCfg = Release|iPhoneSimulator
		{75E0EB27-C23E-4CE9-A5D3-D8C77178204D}.Release|iPhone.ActiveCfg = Release|iPhone
		{75E0EB27-C23E-4CE9-A5D3-D8C77178204D}.Release|iPhone.Build.0 = Release|iPhone
		{75E0EB27-C23E-4CE9-A5D3-D8C77178204D}.Release|iPhoneSimulator.ActiveCfg = Release|iPhoneSimulator
		{75E0EB27-C23E-4CE9-A5D3-D8C77178204D}.Release|iPhoneSimulator.Build.0 = Release|iPhoneSimulator
		{75E0EB27-C23E-4CE9-A5D3-D8C77178204D}.Debug|Any CPU.Build.0 = Debug|iPhoneSimulator
		{75E0EB27-C23E-4CE9-A5D3-D8C77178204D}.Release|Any CPU.Build.0 = Release|iPhoneSimulator
		{7BCAC03E-3B65-4CF4-9EBB-4EF353276D1C}.Ad-Hoc|Any CPU.ActiveCfg = Debug|Any CPU
		{7BCAC03E-3B65-4CF4-9EBB-4EF353276D1C}.Ad-Hoc|Any CPU.Build.0 = Debug|Any CPU
		{7BCAC03E-3B65-4CF4-9EBB-4EF353276D1C}.Ad-Hoc|iPhone.ActiveCfg = Release|Any CPU
		{7BCAC03E-3B65-4CF4-9EBB-4EF353276D1C}.Ad-Hoc|iPhone.Build.0 = Release|Any CPU
		{7BCAC03E-3B65-4CF4-9EBB-4EF353276D1C}.Ad-Hoc|iPhoneSimulator.ActiveCfg = Debug|Any CPU
		{7BCAC03E-3B65-4CF4-9EBB-4EF353276D1C}.Ad-Hoc|iPhoneSimulator.Build.0 = Debug|Any CPU
		{7BCAC03E-3B65-4CF4-9EBB-4EF353276D1C}.AppStore|Any CPU.ActiveCfg = Debug|Any CPU
		{7BCAC03E-3B65-4CF4-9EBB-4EF353276D1C}.AppStore|Any CPU.Build.0 = Debug|Any CPU
		{7BCAC03E-3B65-4CF4-9EBB-4EF353276D1C}.AppStore|iPhone.ActiveCfg = Release|Any CPU
		{7BCAC03E-3B65-4CF4-9EBB-4EF353276D1C}.AppStore|iPhone.Build.0 = Release|Any CPU
		{7BCAC03E-3B65-4CF4-9EBB-4EF353276D1C}.AppStore|iPhoneSimulator.ActiveCfg = Debug|Any CPU
		{7BCAC03E-3B65-4CF4-9EBB-4EF353276D1C}.AppStore|iPhoneSimulator.Build.0 = Debug|Any CPU
		{7BCAC03E-3B65-4CF4-9EBB-4EF353276D1C}.Debug|Any CPU.ActiveCfg = Debug|Any CPU
		{7BCAC03E-3B65-4CF4-9EBB-4EF353276D1C}.Debug|Any CPU.Build.0 = Debug|Any CPU
		{7BCAC03E-3B65-4CF4-9EBB-4EF353276D1C}.Debug|iPhone.ActiveCfg = Debug|Any CPU
		{7BCAC03E-3B65-4CF4-9EBB-4EF353276D1C}.Debug|iPhone.Build.0 = Debug|Any CPU
		{7BCAC03E-3B65-4CF4-9EBB-4EF353276D1C}.Debug|iPhoneSimulator.ActiveCfg = Debug|Any CPU
		{7BCAC03E-3B65-4CF4-9EBB-4EF353276D1C}.Debug|iPhoneSimulator.Build.0 = Debug|Any CPU
		{7BCAC03E-3B65-4CF4-9EBB-4EF353276D1C}.Release Internal|Any CPU.ActiveCfg = Release|Any CPU
		{7BCAC03E-3B65-4CF4-9EBB-4EF353276D1C}.Release Internal|Any CPU.Build.0 = Release|Any CPU
		{7BCAC03E-3B65-4CF4-9EBB-4EF353276D1C}.Release Internal|iPhone.ActiveCfg = Release|Any CPU
		{7BCAC03E-3B65-4CF4-9EBB-4EF353276D1C}.Release Internal|iPhone.Build.0 = Release|Any CPU
		{7BCAC03E-3B65-4CF4-9EBB-4EF353276D1C}.Release Internal|iPhoneSimulator.ActiveCfg = Release|Any CPU
		{7BCAC03E-3B65-4CF4-9EBB-4EF353276D1C}.Release Internal|iPhoneSimulator.Build.0 = Release|Any CPU
		{7BCAC03E-3B65-4CF4-9EBB-4EF353276D1C}.Release|Any CPU.ActiveCfg = Release|Any CPU
		{7BCAC03E-3B65-4CF4-9EBB-4EF353276D1C}.Release|Any CPU.Build.0 = Release|Any CPU
		{7BCAC03E-3B65-4CF4-9EBB-4EF353276D1C}.Release|iPhone.ActiveCfg = Release|Any CPU
		{7BCAC03E-3B65-4CF4-9EBB-4EF353276D1C}.Release|iPhone.Build.0 = Release|Any CPU
		{7BCAC03E-3B65-4CF4-9EBB-4EF353276D1C}.Release|iPhoneSimulator.ActiveCfg = Release|Any CPU
		{7BCAC03E-3B65-4CF4-9EBB-4EF353276D1C}.Release|iPhoneSimulator.Build.0 = Release|Any CPU
		{9C38D897-021B-4743-92E4-AE9C0252D17F}.Ad-Hoc|Any CPU.ActiveCfg = Debug|Any CPU
		{9C38D897-021B-4743-92E4-AE9C0252D17F}.Ad-Hoc|Any CPU.Build.0 = Debug|Any CPU
		{9C38D897-021B-4743-92E4-AE9C0252D17F}.Ad-Hoc|iPhone.ActiveCfg = Release|Any CPU
		{9C38D897-021B-4743-92E4-AE9C0252D17F}.Ad-Hoc|iPhone.Build.0 = Release|Any CPU
		{9C38D897-021B-4743-92E4-AE9C0252D17F}.Ad-Hoc|iPhoneSimulator.ActiveCfg = Debug|Any CPU
		{9C38D897-021B-4743-92E4-AE9C0252D17F}.Ad-Hoc|iPhoneSimulator.Build.0 = Debug|Any CPU
		{9C38D897-021B-4743-92E4-AE9C0252D17F}.AppStore|Any CPU.ActiveCfg = Debug|Any CPU
		{9C38D897-021B-4743-92E4-AE9C0252D17F}.AppStore|Any CPU.Build.0 = Debug|Any CPU
		{9C38D897-021B-4743-92E4-AE9C0252D17F}.AppStore|iPhone.ActiveCfg = Release|Any CPU
		{9C38D897-021B-4743-92E4-AE9C0252D17F}.AppStore|iPhone.Build.0 = Release|Any CPU
		{9C38D897-021B-4743-92E4-AE9C0252D17F}.AppStore|iPhoneSimulator.ActiveCfg = Debug|Any CPU
		{9C38D897-021B-4743-92E4-AE9C0252D17F}.AppStore|iPhoneSimulator.Build.0 = Debug|Any CPU
		{9C38D897-021B-4743-92E4-AE9C0252D17F}.Debug|Any CPU.ActiveCfg = Debug|Any CPU
		{9C38D897-021B-4743-92E4-AE9C0252D17F}.Debug|Any CPU.Build.0 = Debug|Any CPU
		{9C38D897-021B-4743-92E4-AE9C0252D17F}.Debug|iPhone.ActiveCfg = Debug|Any CPU
		{9C38D897-021B-4743-92E4-AE9C0252D17F}.Debug|iPhone.Build.0 = Debug|Any CPU
		{9C38D897-021B-4743-92E4-AE9C0252D17F}.Debug|iPhoneSimulator.ActiveCfg = Debug|Any CPU
		{9C38D897-021B-4743-92E4-AE9C0252D17F}.Debug|iPhoneSimulator.Build.0 = Debug|Any CPU
		{9C38D897-021B-4743-92E4-AE9C0252D17F}.Release Internal|Any CPU.ActiveCfg = Release|Any CPU
		{9C38D897-021B-4743-92E4-AE9C0252D17F}.Release Internal|Any CPU.Build.0 = Release|Any CPU
		{9C38D897-021B-4743-92E4-AE9C0252D17F}.Release Internal|iPhone.ActiveCfg = Release|Any CPU
		{9C38D897-021B-4743-92E4-AE9C0252D17F}.Release Internal|iPhone.Build.0 = Release|Any CPU
		{9C38D897-021B-4743-92E4-AE9C0252D17F}.Release Internal|iPhoneSimulator.ActiveCfg = Release|Any CPU
		{9C38D897-021B-4743-92E4-AE9C0252D17F}.Release Internal|iPhoneSimulator.Build.0 = Release|Any CPU
		{9C38D897-021B-4743-92E4-AE9C0252D17F}.Release|Any CPU.ActiveCfg = Release|Any CPU
		{9C38D897-021B-4743-92E4-AE9C0252D17F}.Release|Any CPU.Build.0 = Release|Any CPU
		{9C38D897-021B-4743-92E4-AE9C0252D17F}.Release|iPhone.ActiveCfg = Release|Any CPU
		{9C38D897-021B-4743-92E4-AE9C0252D17F}.Release|iPhone.Build.0 = Release|Any CPU
		{9C38D897-021B-4743-92E4-AE9C0252D17F}.Release|iPhoneSimulator.ActiveCfg = Release|Any CPU
		{9C38D897-021B-4743-92E4-AE9C0252D17F}.Release|iPhoneSimulator.Build.0 = Release|Any CPU
		{8DD497E3-7563-41C0-8543-0163F5702591}.Ad-Hoc|Any CPU.ActiveCfg = Debug|Any CPU
		{8DD497E3-7563-41C0-8543-0163F5702591}.Ad-Hoc|Any CPU.Build.0 = Debug|Any CPU
		{8DD497E3-7563-41C0-8543-0163F5702591}.Ad-Hoc|iPhone.ActiveCfg = Release|Any CPU
		{8DD497E3-7563-41C0-8543-0163F5702591}.Ad-Hoc|iPhone.Build.0 = Release|Any CPU
		{8DD497E3-7563-41C0-8543-0163F5702591}.Ad-Hoc|iPhoneSimulator.ActiveCfg = Debug|Any CPU
		{8DD497E3-7563-41C0-8543-0163F5702591}.Ad-Hoc|iPhoneSimulator.Build.0 = Debug|Any CPU
		{8DD497E3-7563-41C0-8543-0163F5702591}.AppStore|Any CPU.ActiveCfg = Debug|Any CPU
		{8DD497E3-7563-41C0-8543-0163F5702591}.AppStore|Any CPU.Build.0 = Debug|Any CPU
		{8DD497E3-7563-41C0-8543-0163F5702591}.AppStore|iPhone.ActiveCfg = Release|Any CPU
		{8DD497E3-7563-41C0-8543-0163F5702591}.AppStore|iPhone.Build.0 = Release|Any CPU
		{8DD497E3-7563-41C0-8543-0163F5702591}.AppStore|iPhoneSimulator.ActiveCfg = Debug|Any CPU
		{8DD497E3-7563-41C0-8543-0163F5702591}.AppStore|iPhoneSimulator.Build.0 = Debug|Any CPU
		{8DD497E3-7563-41C0-8543-0163F5702591}.Debug|Any CPU.ActiveCfg = Debug|Any CPU
		{8DD497E3-7563-41C0-8543-0163F5702591}.Debug|Any CPU.Build.0 = Debug|Any CPU
		{8DD497E3-7563-41C0-8543-0163F5702591}.Debug|iPhone.ActiveCfg = Debug|Any CPU
		{8DD497E3-7563-41C0-8543-0163F5702591}.Debug|iPhone.Build.0 = Debug|Any CPU
		{8DD497E3-7563-41C0-8543-0163F5702591}.Debug|iPhoneSimulator.ActiveCfg = Debug|Any CPU
		{8DD497E3-7563-41C0-8543-0163F5702591}.Debug|iPhoneSimulator.Build.0 = Debug|Any CPU
		{8DD497E3-7563-41C0-8543-0163F5702591}.Release Internal|Any CPU.ActiveCfg = Release|Any CPU
		{8DD497E3-7563-41C0-8543-0163F5702591}.Release Internal|Any CPU.Build.0 = Release|Any CPU
		{8DD497E3-7563-41C0-8543-0163F5702591}.Release Internal|iPhone.ActiveCfg = Release|Any CPU
		{8DD497E3-7563-41C0-8543-0163F5702591}.Release Internal|iPhone.Build.0 = Release|Any CPU
		{8DD497E3-7563-41C0-8543-0163F5702591}.Release Internal|iPhoneSimulator.ActiveCfg = Release|Any CPU
		{8DD497E3-7563-41C0-8543-0163F5702591}.Release Internal|iPhoneSimulator.Build.0 = Release|Any CPU
		{8DD497E3-7563-41C0-8543-0163F5702591}.Release|Any CPU.ActiveCfg = Release|Any CPU
		{8DD497E3-7563-41C0-8543-0163F5702591}.Release|Any CPU.Build.0 = Release|Any CPU
		{8DD497E3-7563-41C0-8543-0163F5702591}.Release|iPhone.ActiveCfg = Release|Any CPU
		{8DD497E3-7563-41C0-8543-0163F5702591}.Release|iPhone.Build.0 = Release|Any CPU
		{8DD497E3-7563-41C0-8543-0163F5702591}.Release|iPhoneSimulator.ActiveCfg = Release|Any CPU
		{8DD497E3-7563-41C0-8543-0163F5702591}.Release|iPhoneSimulator.Build.0 = Release|Any CPU
		{35497EC6-8E89-44A0-8531-827470002765}.Ad-Hoc|Any CPU.ActiveCfg = Debug|Any CPU
		{35497EC6-8E89-44A0-8531-827470002765}.Ad-Hoc|Any CPU.Build.0 = Debug|Any CPU
		{35497EC6-8E89-44A0-8531-827470002765}.Ad-Hoc|iPhone.ActiveCfg = Release|Any CPU
		{35497EC6-8E89-44A0-8531-827470002765}.Ad-Hoc|iPhone.Build.0 = Release|Any CPU
		{35497EC6-8E89-44A0-8531-827470002765}.Ad-Hoc|iPhoneSimulator.ActiveCfg = Debug|Any CPU
		{35497EC6-8E89-44A0-8531-827470002765}.Ad-Hoc|iPhoneSimulator.Build.0 = Debug|Any CPU
		{35497EC6-8E89-44A0-8531-827470002765}.AppStore|Any CPU.ActiveCfg = Debug|Any CPU
		{35497EC6-8E89-44A0-8531-827470002765}.AppStore|Any CPU.Build.0 = Debug|Any CPU
		{35497EC6-8E89-44A0-8531-827470002765}.AppStore|iPhone.ActiveCfg = Release|Any CPU
		{35497EC6-8E89-44A0-8531-827470002765}.AppStore|iPhone.Build.0 = Release|Any CPU
		{35497EC6-8E89-44A0-8531-827470002765}.AppStore|iPhoneSimulator.ActiveCfg = Debug|Any CPU
		{35497EC6-8E89-44A0-8531-827470002765}.AppStore|iPhoneSimulator.Build.0 = Debug|Any CPU
		{35497EC6-8E89-44A0-8531-827470002765}.Debug|Any CPU.ActiveCfg = Debug|Any CPU
		{35497EC6-8E89-44A0-8531-827470002765}.Debug|Any CPU.Build.0 = Debug|Any CPU
		{35497EC6-8E89-44A0-8531-827470002765}.Debug|iPhone.ActiveCfg = Debug|Any CPU
		{35497EC6-8E89-44A0-8531-827470002765}.Debug|iPhone.Build.0 = Debug|Any CPU
		{35497EC6-8E89-44A0-8531-827470002765}.Debug|iPhoneSimulator.ActiveCfg = Debug|Any CPU
		{35497EC6-8E89-44A0-8531-827470002765}.Debug|iPhoneSimulator.Build.0 = Debug|Any CPU
		{35497EC6-8E89-44A0-8531-827470002765}.Release Internal|Any CPU.ActiveCfg = Release|Any CPU
		{35497EC6-8E89-44A0-8531-827470002765}.Release Internal|Any CPU.Build.0 = Release|Any CPU
		{35497EC6-8E89-44A0-8531-827470002765}.Release Internal|iPhone.ActiveCfg = Release|Any CPU
		{35497EC6-8E89-44A0-8531-827470002765}.Release Internal|iPhone.Build.0 = Release|Any CPU
		{35497EC6-8E89-44A0-8531-827470002765}.Release Internal|iPhoneSimulator.ActiveCfg = Release|Any CPU
		{35497EC6-8E89-44A0-8531-827470002765}.Release Internal|iPhoneSimulator.Build.0 = Release|Any CPU
		{35497EC6-8E89-44A0-8531-827470002765}.Release|Any CPU.ActiveCfg = Release|Any CPU
		{35497EC6-8E89-44A0-8531-827470002765}.Release|Any CPU.Build.0 = Release|Any CPU
		{35497EC6-8E89-44A0-8531-827470002765}.Release|iPhone.ActiveCfg = Release|Any CPU
		{35497EC6-8E89-44A0-8531-827470002765}.Release|iPhone.Build.0 = Release|Any CPU
		{35497EC6-8E89-44A0-8531-827470002765}.Release|iPhoneSimulator.ActiveCfg = Release|Any CPU
		{35497EC6-8E89-44A0-8531-827470002765}.Release|iPhoneSimulator.Build.0 = Release|Any CPU
		{36A6FDFB-59D3-4618-92DD-0DEB8B6AB501}.Ad-Hoc|Any CPU.ActiveCfg = Debug|Any CPU
		{36A6FDFB-59D3-4618-92DD-0DEB8B6AB501}.Ad-Hoc|Any CPU.Build.0 = Debug|Any CPU
		{36A6FDFB-59D3-4618-92DD-0DEB8B6AB501}.Ad-Hoc|iPhone.ActiveCfg = Release|Any CPU
		{36A6FDFB-59D3-4618-92DD-0DEB8B6AB501}.Ad-Hoc|iPhone.Build.0 = Release|Any CPU
		{36A6FDFB-59D3-4618-92DD-0DEB8B6AB501}.Ad-Hoc|iPhoneSimulator.ActiveCfg = Debug|Any CPU
		{36A6FDFB-59D3-4618-92DD-0DEB8B6AB501}.Ad-Hoc|iPhoneSimulator.Build.0 = Debug|Any CPU
		{36A6FDFB-59D3-4618-92DD-0DEB8B6AB501}.AppStore|Any CPU.ActiveCfg = Debug|Any CPU
		{36A6FDFB-59D3-4618-92DD-0DEB8B6AB501}.AppStore|Any CPU.Build.0 = Debug|Any CPU
		{36A6FDFB-59D3-4618-92DD-0DEB8B6AB501}.AppStore|iPhone.ActiveCfg = Release|Any CPU
		{36A6FDFB-59D3-4618-92DD-0DEB8B6AB501}.AppStore|iPhone.Build.0 = Release|Any CPU
		{36A6FDFB-59D3-4618-92DD-0DEB8B6AB501}.AppStore|iPhoneSimulator.ActiveCfg = Debug|Any CPU
		{36A6FDFB-59D3-4618-92DD-0DEB8B6AB501}.AppStore|iPhoneSimulator.Build.0 = Debug|Any CPU
		{36A6FDFB-59D3-4618-92DD-0DEB8B6AB501}.Debug|Any CPU.ActiveCfg = Debug|Any CPU
		{36A6FDFB-59D3-4618-92DD-0DEB8B6AB501}.Debug|Any CPU.Build.0 = Debug|Any CPU
		{36A6FDFB-59D3-4618-92DD-0DEB8B6AB501}.Debug|iPhone.ActiveCfg = Debug|Any CPU
		{36A6FDFB-59D3-4618-92DD-0DEB8B6AB501}.Debug|iPhone.Build.0 = Debug|Any CPU
		{36A6FDFB-59D3-4618-92DD-0DEB8B6AB501}.Debug|iPhoneSimulator.ActiveCfg = Debug|Any CPU
		{36A6FDFB-59D3-4618-92DD-0DEB8B6AB501}.Debug|iPhoneSimulator.Build.0 = Debug|Any CPU
		{36A6FDFB-59D3-4618-92DD-0DEB8B6AB501}.Release Internal|Any CPU.ActiveCfg = Release|Any CPU
		{36A6FDFB-59D3-4618-92DD-0DEB8B6AB501}.Release Internal|Any CPU.Build.0 = Release|Any CPU
		{36A6FDFB-59D3-4618-92DD-0DEB8B6AB501}.Release Internal|iPhone.ActiveCfg = Release|Any CPU
		{36A6FDFB-59D3-4618-92DD-0DEB8B6AB501}.Release Internal|iPhone.Build.0 = Release|Any CPU
		{36A6FDFB-59D3-4618-92DD-0DEB8B6AB501}.Release Internal|iPhoneSimulator.ActiveCfg = Release|Any CPU
		{36A6FDFB-59D3-4618-92DD-0DEB8B6AB501}.Release Internal|iPhoneSimulator.Build.0 = Release|Any CPU
		{36A6FDFB-59D3-4618-92DD-0DEB8B6AB501}.Release|Any CPU.ActiveCfg = Release|Any CPU
		{36A6FDFB-59D3-4618-92DD-0DEB8B6AB501}.Release|Any CPU.Build.0 = Release|Any CPU
		{36A6FDFB-59D3-4618-92DD-0DEB8B6AB501}.Release|iPhone.ActiveCfg = Release|Any CPU
		{36A6FDFB-59D3-4618-92DD-0DEB8B6AB501}.Release|iPhone.Build.0 = Release|Any CPU
		{36A6FDFB-59D3-4618-92DD-0DEB8B6AB501}.Release|iPhoneSimulator.ActiveCfg = Release|Any CPU
		{36A6FDFB-59D3-4618-92DD-0DEB8B6AB501}.Release|iPhoneSimulator.Build.0 = Release|Any CPU
		{1BE9DD18-AFAF-4F25-A62D-E6BF109C180F}.Ad-Hoc|Any CPU.ActiveCfg = Debug|Any CPU
		{1BE9DD18-AFAF-4F25-A62D-E6BF109C180F}.Ad-Hoc|Any CPU.Build.0 = Debug|Any CPU
		{1BE9DD18-AFAF-4F25-A62D-E6BF109C180F}.Ad-Hoc|iPhone.ActiveCfg = Release|Any CPU
		{1BE9DD18-AFAF-4F25-A62D-E6BF109C180F}.Ad-Hoc|iPhone.Build.0 = Release|Any CPU
		{1BE9DD18-AFAF-4F25-A62D-E6BF109C180F}.Ad-Hoc|iPhoneSimulator.ActiveCfg = Debug|Any CPU
		{1BE9DD18-AFAF-4F25-A62D-E6BF109C180F}.Ad-Hoc|iPhoneSimulator.Build.0 = Debug|Any CPU
		{1BE9DD18-AFAF-4F25-A62D-E6BF109C180F}.AppStore|Any CPU.ActiveCfg = Debug|Any CPU
		{1BE9DD18-AFAF-4F25-A62D-E6BF109C180F}.AppStore|Any CPU.Build.0 = Debug|Any CPU
		{1BE9DD18-AFAF-4F25-A62D-E6BF109C180F}.AppStore|iPhone.ActiveCfg = Release|Any CPU
		{1BE9DD18-AFAF-4F25-A62D-E6BF109C180F}.AppStore|iPhone.Build.0 = Release|Any CPU
		{1BE9DD18-AFAF-4F25-A62D-E6BF109C180F}.AppStore|iPhoneSimulator.ActiveCfg = Debug|Any CPU
		{1BE9DD18-AFAF-4F25-A62D-E6BF109C180F}.AppStore|iPhoneSimulator.Build.0 = Debug|Any CPU
		{1BE9DD18-AFAF-4F25-A62D-E6BF109C180F}.Debug|Any CPU.ActiveCfg = Debug|Any CPU
		{1BE9DD18-AFAF-4F25-A62D-E6BF109C180F}.Debug|Any CPU.Build.0 = Debug|Any CPU
		{1BE9DD18-AFAF-4F25-A62D-E6BF109C180F}.Debug|iPhone.ActiveCfg = Debug|Any CPU
		{1BE9DD18-AFAF-4F25-A62D-E6BF109C180F}.Debug|iPhone.Build.0 = Debug|Any CPU
		{1BE9DD18-AFAF-4F25-A62D-E6BF109C180F}.Debug|iPhoneSimulator.ActiveCfg = Debug|Any CPU
		{1BE9DD18-AFAF-4F25-A62D-E6BF109C180F}.Debug|iPhoneSimulator.Build.0 = Debug|Any CPU
		{1BE9DD18-AFAF-4F25-A62D-E6BF109C180F}.Release Internal|Any CPU.ActiveCfg = Release|Any CPU
		{1BE9DD18-AFAF-4F25-A62D-E6BF109C180F}.Release Internal|Any CPU.Build.0 = Release|Any CPU
		{1BE9DD18-AFAF-4F25-A62D-E6BF109C180F}.Release Internal|iPhone.ActiveCfg = Release|Any CPU
		{1BE9DD18-AFAF-4F25-A62D-E6BF109C180F}.Release Internal|iPhone.Build.0 = Release|Any CPU
		{1BE9DD18-AFAF-4F25-A62D-E6BF109C180F}.Release Internal|iPhoneSimulator.ActiveCfg = Release|Any CPU
		{1BE9DD18-AFAF-4F25-A62D-E6BF109C180F}.Release Internal|iPhoneSimulator.Build.0 = Release|Any CPU
		{1BE9DD18-AFAF-4F25-A62D-E6BF109C180F}.Release|Any CPU.ActiveCfg = Release|Any CPU
		{1BE9DD18-AFAF-4F25-A62D-E6BF109C180F}.Release|Any CPU.Build.0 = Release|Any CPU
		{1BE9DD18-AFAF-4F25-A62D-E6BF109C180F}.Release|iPhone.ActiveCfg = Release|Any CPU
		{1BE9DD18-AFAF-4F25-A62D-E6BF109C180F}.Release|iPhone.Build.0 = Release|Any CPU
		{1BE9DD18-AFAF-4F25-A62D-E6BF109C180F}.Release|iPhoneSimulator.ActiveCfg = Release|Any CPU
		{1BE9DD18-AFAF-4F25-A62D-E6BF109C180F}.Release|iPhoneSimulator.Build.0 = Release|Any CPU
		{D007C2F6-6B6B-40A7-AF96-1AE94BCC0598}.Ad-Hoc|Any CPU.ActiveCfg = Debug|Any CPU
		{D007C2F6-6B6B-40A7-AF96-1AE94BCC0598}.Ad-Hoc|Any CPU.Build.0 = Debug|Any CPU
		{D007C2F6-6B6B-40A7-AF96-1AE94BCC0598}.Ad-Hoc|iPhone.ActiveCfg = Release|Any CPU
		{D007C2F6-6B6B-40A7-AF96-1AE94BCC0598}.Ad-Hoc|iPhone.Build.0 = Release|Any CPU
		{D007C2F6-6B6B-40A7-AF96-1AE94BCC0598}.Ad-Hoc|iPhoneSimulator.ActiveCfg = Debug|Any CPU
		{D007C2F6-6B6B-40A7-AF96-1AE94BCC0598}.Ad-Hoc|iPhoneSimulator.Build.0 = Debug|Any CPU
		{D007C2F6-6B6B-40A7-AF96-1AE94BCC0598}.AppStore|Any CPU.ActiveCfg = Debug|Any CPU
		{D007C2F6-6B6B-40A7-AF96-1AE94BCC0598}.AppStore|Any CPU.Build.0 = Debug|Any CPU
		{D007C2F6-6B6B-40A7-AF96-1AE94BCC0598}.AppStore|iPhone.ActiveCfg = Release|Any CPU
		{D007C2F6-6B6B-40A7-AF96-1AE94BCC0598}.AppStore|iPhone.Build.0 = Release|Any CPU
		{D007C2F6-6B6B-40A7-AF96-1AE94BCC0598}.AppStore|iPhoneSimulator.ActiveCfg = Debug|Any CPU
		{D007C2F6-6B6B-40A7-AF96-1AE94BCC0598}.AppStore|iPhoneSimulator.Build.0 = Debug|Any CPU
		{D007C2F6-6B6B-40A7-AF96-1AE94BCC0598}.Debug|Any CPU.ActiveCfg = Debug|Any CPU
		{D007C2F6-6B6B-40A7-AF96-1AE94BCC0598}.Debug|Any CPU.Build.0 = Debug|Any CPU
		{D007C2F6-6B6B-40A7-AF96-1AE94BCC0598}.Debug|iPhone.ActiveCfg = Debug|Any CPU
		{D007C2F6-6B6B-40A7-AF96-1AE94BCC0598}.Debug|iPhone.Build.0 = Debug|Any CPU
		{D007C2F6-6B6B-40A7-AF96-1AE94BCC0598}.Debug|iPhoneSimulator.ActiveCfg = Debug|Any CPU
		{D007C2F6-6B6B-40A7-AF96-1AE94BCC0598}.Debug|iPhoneSimulator.Build.0 = Debug|Any CPU
		{D007C2F6-6B6B-40A7-AF96-1AE94BCC0598}.Release Internal|Any CPU.ActiveCfg = Release|Any CPU
		{D007C2F6-6B6B-40A7-AF96-1AE94BCC0598}.Release Internal|Any CPU.Build.0 = Release|Any CPU
		{D007C2F6-6B6B-40A7-AF96-1AE94BCC0598}.Release Internal|iPhone.ActiveCfg = Release|Any CPU
		{D007C2F6-6B6B-40A7-AF96-1AE94BCC0598}.Release Internal|iPhone.Build.0 = Release|Any CPU
		{D007C2F6-6B6B-40A7-AF96-1AE94BCC0598}.Release Internal|iPhoneSimulator.ActiveCfg = Release|Any CPU
		{D007C2F6-6B6B-40A7-AF96-1AE94BCC0598}.Release Internal|iPhoneSimulator.Build.0 = Release|Any CPU
		{D007C2F6-6B6B-40A7-AF96-1AE94BCC0598}.Release|Any CPU.ActiveCfg = Release|Any CPU
		{D007C2F6-6B6B-40A7-AF96-1AE94BCC0598}.Release|Any CPU.Build.0 = Release|Any CPU
		{D007C2F6-6B6B-40A7-AF96-1AE94BCC0598}.Release|iPhone.ActiveCfg = Release|Any CPU
		{D007C2F6-6B6B-40A7-AF96-1AE94BCC0598}.Release|iPhone.Build.0 = Release|Any CPU
		{D007C2F6-6B6B-40A7-AF96-1AE94BCC0598}.Release|iPhoneSimulator.ActiveCfg = Release|Any CPU
		{D007C2F6-6B6B-40A7-AF96-1AE94BCC0598}.Release|iPhoneSimulator.Build.0 = Release|Any CPU
		{090F2121-340C-482E-ADAA-E5DF8440CF6C}.Ad-Hoc|Any CPU.ActiveCfg = Debug|Any CPU
		{090F2121-340C-482E-ADAA-E5DF8440CF6C}.Ad-Hoc|Any CPU.Build.0 = Debug|Any CPU
		{090F2121-340C-482E-ADAA-E5DF8440CF6C}.Ad-Hoc|iPhone.ActiveCfg = Release|Any CPU
		{090F2121-340C-482E-ADAA-E5DF8440CF6C}.Ad-Hoc|iPhone.Build.0 = Release|Any CPU
		{090F2121-340C-482E-ADAA-E5DF8440CF6C}.Ad-Hoc|iPhoneSimulator.ActiveCfg = Debug|Any CPU
		{090F2121-340C-482E-ADAA-E5DF8440CF6C}.Ad-Hoc|iPhoneSimulator.Build.0 = Debug|Any CPU
		{090F2121-340C-482E-ADAA-E5DF8440CF6C}.AppStore|Any CPU.ActiveCfg = Debug|Any CPU
		{090F2121-340C-482E-ADAA-E5DF8440CF6C}.AppStore|Any CPU.Build.0 = Debug|Any CPU
		{090F2121-340C-482E-ADAA-E5DF8440CF6C}.AppStore|iPhone.ActiveCfg = Release|Any CPU
		{090F2121-340C-482E-ADAA-E5DF8440CF6C}.AppStore|iPhone.Build.0 = Release|Any CPU
		{090F2121-340C-482E-ADAA-E5DF8440CF6C}.AppStore|iPhoneSimulator.ActiveCfg = Debug|Any CPU
		{090F2121-340C-482E-ADAA-E5DF8440CF6C}.AppStore|iPhoneSimulator.Build.0 = Debug|Any CPU
		{090F2121-340C-482E-ADAA-E5DF8440CF6C}.Debug|Any CPU.ActiveCfg = Debug|Any CPU
		{090F2121-340C-482E-ADAA-E5DF8440CF6C}.Debug|Any CPU.Build.0 = Debug|Any CPU
		{090F2121-340C-482E-ADAA-E5DF8440CF6C}.Debug|iPhone.ActiveCfg = Debug|Any CPU
		{090F2121-340C-482E-ADAA-E5DF8440CF6C}.Debug|iPhone.Build.0 = Debug|Any CPU
		{090F2121-340C-482E-ADAA-E5DF8440CF6C}.Debug|iPhoneSimulator.ActiveCfg = Debug|Any CPU
		{090F2121-340C-482E-ADAA-E5DF8440CF6C}.Debug|iPhoneSimulator.Build.0 = Debug|Any CPU
		{090F2121-340C-482E-ADAA-E5DF8440CF6C}.Release Internal|Any CPU.ActiveCfg = Release|Any CPU
		{090F2121-340C-482E-ADAA-E5DF8440CF6C}.Release Internal|Any CPU.Build.0 = Release|Any CPU
		{090F2121-340C-482E-ADAA-E5DF8440CF6C}.Release Internal|iPhone.ActiveCfg = Release|Any CPU
		{090F2121-340C-482E-ADAA-E5DF8440CF6C}.Release Internal|iPhone.Build.0 = Release|Any CPU
		{090F2121-340C-482E-ADAA-E5DF8440CF6C}.Release Internal|iPhoneSimulator.ActiveCfg = Release|Any CPU
		{090F2121-340C-482E-ADAA-E5DF8440CF6C}.Release Internal|iPhoneSimulator.Build.0 = Release|Any CPU
		{090F2121-340C-482E-ADAA-E5DF8440CF6C}.Release|Any CPU.ActiveCfg = Release|Any CPU
		{090F2121-340C-482E-ADAA-E5DF8440CF6C}.Release|Any CPU.Build.0 = Release|Any CPU
		{090F2121-340C-482E-ADAA-E5DF8440CF6C}.Release|iPhone.ActiveCfg = Release|Any CPU
		{090F2121-340C-482E-ADAA-E5DF8440CF6C}.Release|iPhone.Build.0 = Release|Any CPU
		{090F2121-340C-482E-ADAA-E5DF8440CF6C}.Release|iPhoneSimulator.ActiveCfg = Release|Any CPU
		{090F2121-340C-482E-ADAA-E5DF8440CF6C}.Release|iPhoneSimulator.Build.0 = Release|Any CPU
		{539F8620-B7D5-4925-8038-45412674E776}.Ad-Hoc|Any CPU.ActiveCfg = Debug|Any CPU
		{539F8620-B7D5-4925-8038-45412674E776}.Ad-Hoc|Any CPU.Build.0 = Debug|Any CPU
		{539F8620-B7D5-4925-8038-45412674E776}.Ad-Hoc|iPhone.ActiveCfg = Release|Any CPU
		{539F8620-B7D5-4925-8038-45412674E776}.Ad-Hoc|iPhone.Build.0 = Release|Any CPU
		{539F8620-B7D5-4925-8038-45412674E776}.Ad-Hoc|iPhoneSimulator.ActiveCfg = Debug|Any CPU
		{539F8620-B7D5-4925-8038-45412674E776}.Ad-Hoc|iPhoneSimulator.Build.0 = Debug|Any CPU
		{539F8620-B7D5-4925-8038-45412674E776}.AppStore|Any CPU.ActiveCfg = Debug|Any CPU
		{539F8620-B7D5-4925-8038-45412674E776}.AppStore|Any CPU.Build.0 = Debug|Any CPU
		{539F8620-B7D5-4925-8038-45412674E776}.AppStore|iPhone.ActiveCfg = Release|Any CPU
		{539F8620-B7D5-4925-8038-45412674E776}.AppStore|iPhone.Build.0 = Release|Any CPU
		{539F8620-B7D5-4925-8038-45412674E776}.AppStore|iPhoneSimulator.ActiveCfg = Debug|Any CPU
		{539F8620-B7D5-4925-8038-45412674E776}.AppStore|iPhoneSimulator.Build.0 = Debug|Any CPU
		{539F8620-B7D5-4925-8038-45412674E776}.Debug|Any CPU.ActiveCfg = Debug|Any CPU
		{539F8620-B7D5-4925-8038-45412674E776}.Debug|Any CPU.Build.0 = Debug|Any CPU
		{539F8620-B7D5-4925-8038-45412674E776}.Debug|iPhone.ActiveCfg = Debug|Any CPU
		{539F8620-B7D5-4925-8038-45412674E776}.Debug|iPhone.Build.0 = Debug|Any CPU
		{539F8620-B7D5-4925-8038-45412674E776}.Debug|iPhoneSimulator.ActiveCfg = Debug|Any CPU
		{539F8620-B7D5-4925-8038-45412674E776}.Debug|iPhoneSimulator.Build.0 = Debug|Any CPU
		{539F8620-B7D5-4925-8038-45412674E776}.Release Internal|Any CPU.ActiveCfg = Release|Any CPU
		{539F8620-B7D5-4925-8038-45412674E776}.Release Internal|Any CPU.Build.0 = Release|Any CPU
		{539F8620-B7D5-4925-8038-45412674E776}.Release Internal|iPhone.ActiveCfg = Release|Any CPU
		{539F8620-B7D5-4925-8038-45412674E776}.Release Internal|iPhone.Build.0 = Release|Any CPU
		{539F8620-B7D5-4925-8038-45412674E776}.Release Internal|iPhoneSimulator.ActiveCfg = Release|Any CPU
		{539F8620-B7D5-4925-8038-45412674E776}.Release Internal|iPhoneSimulator.Build.0 = Release|Any CPU
		{539F8620-B7D5-4925-8038-45412674E776}.Release|Any CPU.ActiveCfg = Release|Any CPU
		{539F8620-B7D5-4925-8038-45412674E776}.Release|Any CPU.Build.0 = Release|Any CPU
		{539F8620-B7D5-4925-8038-45412674E776}.Release|iPhone.ActiveCfg = Release|Any CPU
		{539F8620-B7D5-4925-8038-45412674E776}.Release|iPhone.Build.0 = Release|Any CPU
		{539F8620-B7D5-4925-8038-45412674E776}.Release|iPhoneSimulator.ActiveCfg = Release|Any CPU
		{539F8620-B7D5-4925-8038-45412674E776}.Release|iPhoneSimulator.Build.0 = Release|Any CPU
		{2F10081D-2A32-43D0-A7B5-8B4B5205E523}.Ad-Hoc|Any CPU.ActiveCfg = Debug|Any CPU
		{2F10081D-2A32-43D0-A7B5-8B4B5205E523}.Ad-Hoc|Any CPU.Build.0 = Debug|Any CPU
		{2F10081D-2A32-43D0-A7B5-8B4B5205E523}.Ad-Hoc|iPhone.ActiveCfg = Release|Any CPU
		{2F10081D-2A32-43D0-A7B5-8B4B5205E523}.Ad-Hoc|iPhone.Build.0 = Release|Any CPU
		{2F10081D-2A32-43D0-A7B5-8B4B5205E523}.Ad-Hoc|iPhoneSimulator.ActiveCfg = Debug|Any CPU
		{2F10081D-2A32-43D0-A7B5-8B4B5205E523}.Ad-Hoc|iPhoneSimulator.Build.0 = Debug|Any CPU
		{2F10081D-2A32-43D0-A7B5-8B4B5205E523}.AppStore|Any CPU.ActiveCfg = Debug|Any CPU
		{2F10081D-2A32-43D0-A7B5-8B4B5205E523}.AppStore|Any CPU.Build.0 = Debug|Any CPU
		{2F10081D-2A32-43D0-A7B5-8B4B5205E523}.AppStore|iPhone.ActiveCfg = Release|Any CPU
		{2F10081D-2A32-43D0-A7B5-8B4B5205E523}.AppStore|iPhone.Build.0 = Release|Any CPU
		{2F10081D-2A32-43D0-A7B5-8B4B5205E523}.AppStore|iPhoneSimulator.ActiveCfg = Debug|Any CPU
		{2F10081D-2A32-43D0-A7B5-8B4B5205E523}.AppStore|iPhoneSimulator.Build.0 = Debug|Any CPU
		{2F10081D-2A32-43D0-A7B5-8B4B5205E523}.Debug|Any CPU.ActiveCfg = Debug|Any CPU
		{2F10081D-2A32-43D0-A7B5-8B4B5205E523}.Debug|Any CPU.Build.0 = Debug|Any CPU
		{2F10081D-2A32-43D0-A7B5-8B4B5205E523}.Debug|iPhone.ActiveCfg = Debug|Any CPU
		{2F10081D-2A32-43D0-A7B5-8B4B5205E523}.Debug|iPhone.Build.0 = Debug|Any CPU
		{2F10081D-2A32-43D0-A7B5-8B4B5205E523}.Debug|iPhoneSimulator.ActiveCfg = Debug|Any CPU
		{2F10081D-2A32-43D0-A7B5-8B4B5205E523}.Debug|iPhoneSimulator.Build.0 = Debug|Any CPU
		{2F10081D-2A32-43D0-A7B5-8B4B5205E523}.Release Internal|Any CPU.ActiveCfg = Release|Any CPU
		{2F10081D-2A32-43D0-A7B5-8B4B5205E523}.Release Internal|Any CPU.Build.0 = Release|Any CPU
		{2F10081D-2A32-43D0-A7B5-8B4B5205E523}.Release Internal|iPhone.ActiveCfg = Release|Any CPU
		{2F10081D-2A32-43D0-A7B5-8B4B5205E523}.Release Internal|iPhone.Build.0 = Release|Any CPU
		{2F10081D-2A32-43D0-A7B5-8B4B5205E523}.Release Internal|iPhoneSimulator.ActiveCfg = Release|Any CPU
		{2F10081D-2A32-43D0-A7B5-8B4B5205E523}.Release Internal|iPhoneSimulator.Build.0 = Release|Any CPU
		{2F10081D-2A32-43D0-A7B5-8B4B5205E523}.Release|Any CPU.ActiveCfg = Release|Any CPU
		{2F10081D-2A32-43D0-A7B5-8B4B5205E523}.Release|Any CPU.Build.0 = Release|Any CPU
		{2F10081D-2A32-43D0-A7B5-8B4B5205E523}.Release|iPhone.ActiveCfg = Release|Any CPU
		{2F10081D-2A32-43D0-A7B5-8B4B5205E523}.Release|iPhone.Build.0 = Release|Any CPU
		{2F10081D-2A32-43D0-A7B5-8B4B5205E523}.Release|iPhoneSimulator.ActiveCfg = Release|Any CPU
		{2F10081D-2A32-43D0-A7B5-8B4B5205E523}.Release|iPhoneSimulator.Build.0 = Release|Any CPU
	EndGlobalSection
	GlobalSection(SolutionProperties) = preSolution
		HideSolutionNode = FALSE
	EndGlobalSection
	GlobalSection(NestedProjects) = preSolution
		{7BCAC03E-3B65-4CF4-9EBB-4EF353276D1C} = {52C35FED-5A52-452F-BFCC-2ACCEF830BF0}
		{9C38D897-021B-4743-92E4-AE9C0252D17F} = {52C35FED-5A52-452F-BFCC-2ACCEF830BF0}
		{8DD497E3-7563-41C0-8543-0163F5702591} = {369F67E3-9F92-4585-A72F-97BC32BD4309}
		{35497EC6-8E89-44A0-8531-827470002765} = {369F67E3-9F92-4585-A72F-97BC32BD4309}
		{36A6FDFB-59D3-4618-92DD-0DEB8B6AB501} = {52C35FED-5A52-452F-BFCC-2ACCEF830BF0}
		{1BE9DD18-AFAF-4F25-A62D-E6BF109C180F} = {52C35FED-5A52-452F-BFCC-2ACCEF830BF0}
		{D007C2F6-6B6B-40A7-AF96-1AE94BCC0598} = {369F67E3-9F92-4585-A72F-97BC32BD4309}
		{090F2121-340C-482E-ADAA-E5DF8440CF6C} = {52C35FED-5A52-452F-BFCC-2ACCEF830BF0}
		{539F8620-B7D5-4925-8038-45412674E776} = {52C35FED-5A52-452F-BFCC-2ACCEF830BF0}
		{2F10081D-2A32-43D0-A7B5-8B4B5205E523} = {369F67E3-9F92-4585-A72F-97BC32BD4309}
	EndGlobalSection
	GlobalSection(ExtensibilityGlobals) = postSolution
		SolutionGuid = {F972AADC-D2DC-4660-B64F-90F36E1729BD}
	EndGlobalSection
	GlobalSection(MonoDevelopProperties) = preSolution
		Policies = $0
		$0.DotNetNamingPolicy = $1
		$0.TextStylePolicy = $2
		$2.scope = text/plain
		$0.NameConventionPolicy = $3
		$3.Rules = $4
		$4.NamingRule = $24
		StartupItem = Presentation\Presentation.csproj
	EndGlobalSection
EndGlobal
